// !$*UTF8*$!
{
	archiveVersion = 1;
	classes = {
	};
	objectVersion = 56;
	objects = {

/* Begin PBXBuildFile section */
		D834123B2ABB2B25004BDA32 /* ChatMessage.swift in Sources */ = {isa = PBXBuildFile; fileRef = D834123A2ABB2B25004BDA32 /* ChatMessage.swift */; };
		D834123D2ABB2B84004BDA32 /* RecentMessage.swift in Sources */ = {isa = PBXBuildFile; fileRef = D834123C2ABB2B84004BDA32 /* RecentMessage.swift */; };
		D83412402ABB346C004BDA32 /* FirebaseAuth in Frameworks */ = {isa = PBXBuildFile; productRef = D834123F2ABB346C004BDA32 /* FirebaseAuth */; };
		D83412422ABB346C004BDA32 /* FirebaseFirestore in Frameworks */ = {isa = PBXBuildFile; productRef = D83412412ABB346C004BDA32 /* FirebaseFirestore */; };
		D83412442ABB346C004BDA32 /* FirebaseFirestoreSwift in Frameworks */ = {isa = PBXBuildFile; productRef = D83412432ABB346C004BDA32 /* FirebaseFirestoreSwift */; };
		D83412462ABB346C004BDA32 /* FirebaseStorage in Frameworks */ = {isa = PBXBuildFile; productRef = D83412452ABB346C004BDA32 /* FirebaseStorage */; };
		D84F39C12AB09B0A00076B8E /* MainMessagesView.swift in Sources */ = {isa = PBXBuildFile; fileRef = D84F39C02AB09B0A00076B8E /* MainMessagesView.swift */; };
		D8513A7E2AB337E900A2D24F /* CreateNewMessageView.swift in Sources */ = {isa = PBXBuildFile; fileRef = D8513A7D2AB337E900A2D24F /* CreateNewMessageView.swift */; };
		D8513AB72AB4943600A2D24F /* ChatLogView.swift in Sources */ = {isa = PBXBuildFile; fileRef = D8513AB62AB4943600A2D24F /* ChatLogView.swift */; };
		D89B21382AAE068C00115375 /* GoogleService-Info.plist in Resources */ = {isa = PBXBuildFile; fileRef = D89B21372AAE068C00115375 /* GoogleService-Info.plist */; };
		D8A775A02AACA01800C7DB22 /* SwUIFirebsChatApp.swift in Sources */ = {isa = PBXBuildFile; fileRef = D8A7759F2AACA01800C7DB22 /* SwUIFirebsChatApp.swift */; };
		D8A775A22AACA01800C7DB22 /* LoginView.swift in Sources */ = {isa = PBXBuildFile; fileRef = D8A775A12AACA01800C7DB22 /* LoginView.swift */; };
		D8A775A42AACA01A00C7DB22 /* Assets.xcassets in Resources */ = {isa = PBXBuildFile; fileRef = D8A775A32AACA01A00C7DB22 /* Assets.xcassets */; };
		D8A775A82AACA01A00C7DB22 /* Preview Assets.xcassets in Resources */ = {isa = PBXBuildFile; fileRef = D8A775A72AACA01A00C7DB22 /* Preview Assets.xcassets */; };
		D8BD176A2AAF495A00A6FC4B /* ImagePicker.swift in Sources */ = {isa = PBXBuildFile; fileRef = D8BD17692AAF495A00A6FC4B /* ImagePicker.swift */; };
		D8CED58C2AB1E69700C456CA /* FirebaseManager.swift in Sources */ = {isa = PBXBuildFile; fileRef = D8CED58B2AB1E69700C456CA /* FirebaseManager.swift */; };
		D8CED58F2AB1F95D00C456CA /* SDWebImageSwiftUI in Frameworks */ = {isa = PBXBuildFile; productRef = D8CED58E2AB1F95D00C456CA /* SDWebImageSwiftUI */; };
		D8CED5922AB2292700C456CA /* ChatUser.swift in Sources */ = {isa = PBXBuildFile; fileRef = D8CED5912AB2292700C456CA /* ChatUser.swift */; };
/* End PBXBuildFile section */

/* Begin PBXFileReference section */
		D834123A2ABB2B25004BDA32 /* ChatMessage.swift */ = {isa = PBXFileReference; lastKnownFileType = sourcecode.swift; path = ChatMessage.swift; sourceTree = "<group>"; };
		D834123C2ABB2B84004BDA32 /* RecentMessage.swift */ = {isa = PBXFileReference; lastKnownFileType = sourcecode.swift; path = RecentMessage.swift; sourceTree = "<group>"; };
		D84F39C02AB09B0A00076B8E /* MainMessagesView.swift */ = {isa = PBXFileReference; lastKnownFileType = sourcecode.swift; path = MainMessagesView.swift; sourceTree = "<group>"; };
		D8513A7D2AB337E900A2D24F /* CreateNewMessageView.swift */ = {isa = PBXFileReference; lastKnownFileType = sourcecode.swift; path = CreateNewMessageView.swift; sourceTree = "<group>"; };
		D8513AB62AB4943600A2D24F /* ChatLogView.swift */ = {isa = PBXFileReference; lastKnownFileType = sourcecode.swift; path = ChatLogView.swift; sourceTree = "<group>"; };
		D89B21372AAE068C00115375 /* GoogleService-Info.plist */ = {isa = PBXFileReference; fileEncoding = 4; lastKnownFileType = text.plist.xml; path = "GoogleService-Info.plist"; sourceTree = "<group>"; };
		D8A7759C2AACA01800C7DB22 /* SwUIFirebsChat.app */ = {isa = PBXFileReference; explicitFileType = wrapper.application; includeInIndex = 0; path = SwUIFirebsChat.app; sourceTree = BUILT_PRODUCTS_DIR; };
		D8A7759F2AACA01800C7DB22 /* SwUIFirebsChatApp.swift */ = {isa = PBXFileReference; lastKnownFileType = sourcecode.swift; path = SwUIFirebsChatApp.swift; sourceTree = "<group>"; };
		D8A775A12AACA01800C7DB22 /* LoginView.swift */ = {isa = PBXFileReference; lastKnownFileType = sourcecode.swift; path = LoginView.swift; sourceTree = "<group>"; };
		D8A775A32AACA01A00C7DB22 /* Assets.xcassets */ = {isa = PBXFileReference; lastKnownFileType = folder.assetcatalog; path = Assets.xcassets; sourceTree = "<group>"; };
		D8A775A52AACA01A00C7DB22 /* SwUIFirebsChat.entitlements */ = {isa = PBXFileReference; lastKnownFileType = text.plist.entitlements; path = SwUIFirebsChat.entitlements; sourceTree = "<group>"; };
		D8A775A72AACA01A00C7DB22 /* Preview Assets.xcassets */ = {isa = PBXFileReference; lastKnownFileType = folder.assetcatalog; path = "Preview Assets.xcassets"; sourceTree = "<group>"; };
		D8BD17692AAF495A00A6FC4B /* ImagePicker.swift */ = {isa = PBXFileReference; lastKnownFileType = sourcecode.swift; path = ImagePicker.swift; sourceTree = "<group>"; };
		D8CED58B2AB1E69700C456CA /* FirebaseManager.swift */ = {isa = PBXFileReference; lastKnownFileType = sourcecode.swift; path = FirebaseManager.swift; sourceTree = "<group>"; };
		D8CED5912AB2292700C456CA /* ChatUser.swift */ = {isa = PBXFileReference; lastKnownFileType = sourcecode.swift; path = ChatUser.swift; sourceTree = "<group>"; };
/* End PBXFileReference section */

/* Begin PBXFrameworksBuildPhase section */
		D8A775992AACA01800C7DB22 /* Frameworks */ = {
			isa = PBXFrameworksBuildPhase;
			buildActionMask = 2147483647;
			files = (
				D8CED58F2AB1F95D00C456CA /* SDWebImageSwiftUI in Frameworks */,
				D83412402ABB346C004BDA32 /* FirebaseAuth in Frameworks */,
				D83412422ABB346C004BDA32 /* FirebaseFirestore in Frameworks */,
				D83412462ABB346C004BDA32 /* FirebaseStorage in Frameworks */,
				D83412442ABB346C004BDA32 /* FirebaseFirestoreSwift in Frameworks */,
			);
			runOnlyForDeploymentPostprocessing = 0;
		};
/* End PBXFrameworksBuildPhase section */

/* Begin PBXGroup section */
		D84F39BF2AB09AE900076B8E /* MainMessages */ = {
			isa = PBXGroup;
			children = (
				D8513AB52AB4942500A2D24F /* Chat */,
				D8513A7C2AB337D100A2D24F /* NewMessage */,
				D84F39C02AB09B0A00076B8E /* MainMessagesView.swift */,
			);
			path = MainMessages;
			sourceTree = "<group>";
		};
		D8513A7C2AB337D100A2D24F /* NewMessage */ = {
			isa = PBXGroup;
			children = (
				D8513A7D2AB337E900A2D24F /* CreateNewMessageView.swift */,
			);
			path = NewMessage;
			sourceTree = "<group>";
		};
		D8513AB52AB4942500A2D24F /* Chat */ = {
			isa = PBXGroup;
			children = (
				D8513AB62AB4943600A2D24F /* ChatLogView.swift */,
			);
			path = Chat;
			sourceTree = "<group>";
		};
		D8A775932AACA01800C7DB22 = {
			isa = PBXGroup;
			children = (
				D8A7759E2AACA01800C7DB22 /* SwUIFirebsChat */,
				D8A7759D2AACA01800C7DB22 /* Products */,
			);
			sourceTree = "<group>";
		};
		D8A7759D2AACA01800C7DB22 /* Products */ = {
			isa = PBXGroup;
			children = (
				D8A7759C2AACA01800C7DB22 /* SwUIFirebsChat.app */,
			);
			name = Products;
			sourceTree = "<group>";
		};
		D8A7759E2AACA01800C7DB22 /* SwUIFirebsChat */ = {
			isa = PBXGroup;
			children = (
				D8CED5902AB228E900C456CA /* Model */,
				D8CED58A2AB1E68400C456CA /* Utils */,
				D84F39BF2AB09AE900076B8E /* MainMessages */,
				D8A7759F2AACA01800C7DB22 /* SwUIFirebsChatApp.swift */,
				D8A775A12AACA01800C7DB22 /* LoginView.swift */,
				D8BD17692AAF495A00A6FC4B /* ImagePicker.swift */,
				D89B21372AAE068C00115375 /* GoogleService-Info.plist */,
				D8A775A32AACA01A00C7DB22 /* Assets.xcassets */,
				D8A775A52AACA01A00C7DB22 /* SwUIFirebsChat.entitlements */,
				D8A775A62AACA01A00C7DB22 /* Preview Content */,
			);
			path = SwUIFirebsChat;
			sourceTree = "<group>";
		};
		D8A775A62AACA01A00C7DB22 /* Preview Content */ = {
			isa = PBXGroup;
			children = (
				D8A775A72AACA01A00C7DB22 /* Preview Assets.xcassets */,
			);
			path = "Preview Content";
			sourceTree = "<group>";
		};
		D8CED58A2AB1E68400C456CA /* Utils */ = {
			isa = PBXGroup;
			children = (
				D8CED58B2AB1E69700C456CA /* FirebaseManager.swift */,
			);
			path = Utils;
			sourceTree = "<group>";
		};
		D8CED5902AB228E900C456CA /* Model */ = {
			isa = PBXGroup;
			children = (
				D8CED5912AB2292700C456CA /* ChatUser.swift */,
				D834123A2ABB2B25004BDA32 /* ChatMessage.swift */,
				D834123C2ABB2B84004BDA32 /* RecentMessage.swift */,
			);
			path = Model;
			sourceTree = "<group>";
		};
/* End PBXGroup section */

/* Begin PBXNativeTarget section */
		D8A7759B2AACA01800C7DB22 /* SwUIFirebsChat */ = {
			isa = PBXNativeTarget;
			buildConfigurationList = D8A775AB2AACA01A00C7DB22 /* Build configuration list for PBXNativeTarget "SwUIFirebsChat" */;
			buildPhases = (
				D8A775982AACA01800C7DB22 /* Sources */,
				D8A775992AACA01800C7DB22 /* Frameworks */,
				D8A7759A2AACA01800C7DB22 /* Resources */,
			);
			buildRules = (
			);
			dependencies = (
			);
			name = SwUIFirebsChat;
			packageProductDependencies = (
				D8CED58E2AB1F95D00C456CA /* SDWebImageSwiftUI */,
				D834123F2ABB346C004BDA32 /* FirebaseAuth */,
				D83412412ABB346C004BDA32 /* FirebaseFirestore */,
				D83412432ABB346C004BDA32 /* FirebaseFirestoreSwift */,
				D83412452ABB346C004BDA32 /* FirebaseStorage */,
			);
			productName = SwUIFirebsChat;
			productReference = D8A7759C2AACA01800C7DB22 /* SwUIFirebsChat.app */;
			productType = "com.apple.product-type.application";
		};
/* End PBXNativeTarget section */

/* Begin PBXProject section */
		D8A775942AACA01800C7DB22 /* Project object */ = {
			isa = PBXProject;
			attributes = {
				BuildIndependentTargetsInParallel = 1;
				LastSwiftUpdateCheck = 1410;
				LastUpgradeCheck = 1410;
				TargetAttributes = {
					D8A7759B2AACA01800C7DB22 = {
						CreatedOnToolsVersion = 14.1;
					};
				};
			};
			buildConfigurationList = D8A775972AACA01800C7DB22 /* Build configuration list for PBXProject "SwUIFirebsChat" */;
			compatibilityVersion = "Xcode 14.0";
			developmentRegion = en;
			hasScannedForEncodings = 0;
			knownRegions = (
				en,
				Base,
			);
			mainGroup = D8A775932AACA01800C7DB22;
			packageReferences = (
				D8CED58D2AB1F95D00C456CA /* XCRemoteSwiftPackageReference "SDWebImageSwiftUI" */,
				D834123E2ABB346C004BDA32 /* XCRemoteSwiftPackageReference "firebase-ios-sdk" */,
			);
			productRefGroup = D8A7759D2AACA01800C7DB22 /* Products */;
			projectDirPath = "";
			projectRoot = "";
			targets = (
				D8A7759B2AACA01800C7DB22 /* SwUIFirebsChat */,
			);
		};
/* End PBXProject section */

/* Begin PBXResourcesBuildPhase section */
		D8A7759A2AACA01800C7DB22 /* Resources */ = {
			isa = PBXResourcesBuildPhase;
			buildActionMask = 2147483647;
			files = (
				D8A775A82AACA01A00C7DB22 /* Preview Assets.xcassets in Resources */,
				D8A775A42AACA01A00C7DB22 /* Assets.xcassets in Resources */,
				D89B21382AAE068C00115375 /* GoogleService-Info.plist in Resources */,
			);
			runOnlyForDeploymentPostprocessing = 0;
		};
/* End PBXResourcesBuildPhase section */

/* Begin PBXSourcesBuildPhase section */
		D8A775982AACA01800C7DB22 /* Sources */ = {
			isa = PBXSourcesBuildPhase;
			buildActionMask = 2147483647;
			files = (
				D834123B2ABB2B25004BDA32 /* ChatMessage.swift in Sources */,
				D8CED5922AB2292700C456CA /* ChatUser.swift in Sources */,
				D834123D2ABB2B84004BDA32 /* RecentMessage.swift in Sources */,
				D8513AB72AB4943600A2D24F /* ChatLogView.swift in Sources */,
				D8BD176A2AAF495A00A6FC4B /* ImagePicker.swift in Sources */,
				D84F39C12AB09B0A00076B8E /* MainMessagesView.swift in Sources */,
				D8CED58C2AB1E69700C456CA /* FirebaseManager.swift in Sources */,
				D8513A7E2AB337E900A2D24F /* CreateNewMessageView.swift in Sources */,
				D8A775A22AACA01800C7DB22 /* LoginView.swift in Sources */,
				D8A775A02AACA01800C7DB22 /* SwUIFirebsChatApp.swift in Sources */,
			);
			runOnlyForDeploymentPostprocessing = 0;
		};
/* End PBXSourcesBuildPhase section */

/* Begin XCBuildConfiguration section */
		D8A775A92AACA01A00C7DB22 /* Debug */ = {
			isa = XCBuildConfiguration;
			buildSettings = {
				ALWAYS_SEARCH_USER_PATHS = NO;
				CLANG_ANALYZER_NONNULL = YES;
				CLANG_ANALYZER_NUMBER_OBJECT_CONVERSION = YES_AGGRESSIVE;
				CLANG_CXX_LANGUAGE_STANDARD = "gnu++20";
				CLANG_ENABLE_MODULES = YES;
				CLANG_ENABLE_OBJC_ARC = YES;
				CLANG_ENABLE_OBJC_WEAK = YES;
				CLANG_WARN_BLOCK_CAPTURE_AUTORELEASING = YES;
				CLANG_WARN_BOOL_CONVERSION = YES;
				CLANG_WARN_COMMA = YES;
				CLANG_WARN_CONSTANT_CONVERSION = YES;
				CLANG_WARN_DEPRECATED_OBJC_IMPLEMENTATIONS = YES;
				CLANG_WARN_DIRECT_OBJC_ISA_USAGE = YES_ERROR;
				CLANG_WARN_DOCUMENTATION_COMMENTS = YES;
				CLANG_WARN_EMPTY_BODY = YES;
				CLANG_WARN_ENUM_CONVERSION = YES;
				CLANG_WARN_INFINITE_RECURSION = YES;
				CLANG_WARN_INT_CONVERSION = YES;
				CLANG_WARN_NON_LITERAL_NULL_CONVERSION = YES;
				CLANG_WARN_OBJC_IMPLICIT_RETAIN_SELF = YES;
				CLANG_WARN_OBJC_LITERAL_CONVERSION = YES;
				CLANG_WARN_OBJC_ROOT_CLASS = YES_ERROR;
				CLANG_WARN_QUOTED_INCLUDE_IN_FRAMEWORK_HEADER = YES;
				CLANG_WARN_RANGE_LOOP_ANALYSIS = YES;
				CLANG_WARN_STRICT_PROTOTYPES = YES;
				CLANG_WARN_SUSPICIOUS_MOVE = YES;
				CLANG_WARN_UNGUARDED_AVAILABILITY = YES_AGGRESSIVE;
				CLANG_WARN_UNREACHABLE_CODE = YES;
				CLANG_WARN__DUPLICATE_METHOD_MATCH = YES;
				COPY_PHASE_STRIP = NO;
				DEBUG_INFORMATION_FORMAT = dwarf;
				ENABLE_STRICT_OBJC_MSGSEND = YES;
				ENABLE_TESTABILITY = YES;
				GCC_C_LANGUAGE_STANDARD = gnu11;
				GCC_DYNAMIC_NO_PIC = NO;
				GCC_NO_COMMON_BLOCKS = YES;
				GCC_OPTIMIZATION_LEVEL = 0;
				GCC_PREPROCESSOR_DEFINITIONS = (
					"DEBUG=1",
					"$(inherited)",
				);
				GCC_WARN_64_TO_32_BIT_CONVERSION = YES;
				GCC_WARN_ABOUT_RETURN_TYPE = YES_ERROR;
				GCC_WARN_UNDECLARED_SELECTOR = YES;
				GCC_WARN_UNINITIALIZED_AUTOS = YES_AGGRESSIVE;
				GCC_WARN_UNUSED_FUNCTION = YES;
				GCC_WARN_UNUSED_VARIABLE = YES;
				MTL_ENABLE_DEBUG_INFO = INCLUDE_SOURCE;
				MTL_FAST_MATH = YES;
				ONLY_ACTIVE_ARCH = YES;
				SWIFT_ACTIVE_COMPILATION_CONDITIONS = DEBUG;
				SWIFT_OPTIMIZATION_LEVEL = "-Onone";
			};
			name = Debug;
		};
		D8A775AA2AACA01A00C7DB22 /* Release */ = {
			isa = XCBuildConfiguration;
			buildSettings = {
				ALWAYS_SEARCH_USER_PATHS = NO;
				CLANG_ANALYZER_NONNULL = YES;
				CLANG_ANALYZER_NUMBER_OBJECT_CONVERSION = YES_AGGRESSIVE;
				CLANG_CXX_LANGUAGE_STANDARD = "gnu++20";
				CLANG_ENABLE_MODULES = YES;
				CLANG_ENABLE_OBJC_ARC = YES;
				CLANG_ENABLE_OBJC_WEAK = YES;
				CLANG_WARN_BLOCK_CAPTURE_AUTORELEASING = YES;
				CLANG_WARN_BOOL_CONVERSION = YES;
				CLANG_WARN_COMMA = YES;
				CLANG_WARN_CONSTANT_CONVERSION = YES;
				CLANG_WARN_DEPRECATED_OBJC_IMPLEMENTATIONS = YES;
				CLANG_WARN_DIRECT_OBJC_ISA_USAGE = YES_ERROR;
				CLANG_WARN_DOCUMENTATION_COMMENTS = YES;
				CLANG_WARN_EMPTY_BODY = YES;
				CLANG_WARN_ENUM_CONVERSION = YES;
				CLANG_WARN_INFINITE_RECURSION = YES;
				CLANG_WARN_INT_CONVERSION = YES;
				CLANG_WARN_NON_LITERAL_NULL_CONVERSION = YES;
				CLANG_WARN_OBJC_IMPLICIT_RETAIN_SELF = YES;
				CLANG_WARN_OBJC_LITERAL_CONVERSION = YES;
				CLANG_WARN_OBJC_ROOT_CLASS = YES_ERROR;
				CLANG_WARN_QUOTED_INCLUDE_IN_FRAMEWORK_HEADER = YES;
				CLANG_WARN_RANGE_LOOP_ANALYSIS = YES;
				CLANG_WARN_STRICT_PROTOTYPES = YES;
				CLANG_WARN_SUSPICIOUS_MOVE = YES;
				CLANG_WARN_UNGUARDED_AVAILABILITY = YES_AGGRESSIVE;
				CLANG_WARN_UNREACHABLE_CODE = YES;
				CLANG_WARN__DUPLICATE_METHOD_MATCH = YES;
				COPY_PHASE_STRIP = NO;
				DEBUG_INFORMATION_FORMAT = "dwarf-with-dsym";
				ENABLE_NS_ASSERTIONS = NO;
				ENABLE_STRICT_OBJC_MSGSEND = YES;
				GCC_C_LANGUAGE_STANDARD = gnu11;
				GCC_NO_COMMON_BLOCKS = YES;
				GCC_WARN_64_TO_32_BIT_CONVERSION = YES;
				GCC_WARN_ABOUT_RETURN_TYPE = YES_ERROR;
				GCC_WARN_UNDECLARED_SELECTOR = YES;
				GCC_WARN_UNINITIALIZED_AUTOS = YES_AGGRESSIVE;
				GCC_WARN_UNUSED_FUNCTION = YES;
				GCC_WARN_UNUSED_VARIABLE = YES;
				MTL_ENABLE_DEBUG_INFO = NO;
				MTL_FAST_MATH = YES;
				SWIFT_COMPILATION_MODE = wholemodule;
				SWIFT_OPTIMIZATION_LEVEL = "-O";
			};
			name = Release;
		};
		D8A775AC2AACA01A00C7DB22 /* Debug */ = {
			isa = XCBuildConfiguration;
			buildSettings = {
				ASSETCATALOG_COMPILER_APPICON_NAME = AppIcon;
				ASSETCATALOG_COMPILER_GLOBAL_ACCENT_COLOR_NAME = AccentColor;
				CODE_SIGN_ENTITLEMENTS = SwUIFirebsChat/SwUIFirebsChat.entitlements;
				CODE_SIGN_STYLE = Automatic;
				CURRENT_PROJECT_VERSION = 1;
				DEVELOPMENT_ASSET_PATHS = "\"SwUIFirebsChat/Preview Content\"";
				DEVELOPMENT_TEAM = Q5CYH8RVUS;
				ENABLE_HARDENED_RUNTIME = YES;
				ENABLE_PREVIEWS = YES;
				GENERATE_INFOPLIST_FILE = YES;
				"INFOPLIST_KEY_UIApplicationSceneManifest_Generation[sdk=iphoneos*]" = YES;
				"INFOPLIST_KEY_UIApplicationSceneManifest_Generation[sdk=iphonesimulator*]" = YES;
				"INFOPLIST_KEY_UIApplicationSupportsIndirectInputEvents[sdk=iphoneos*]" = YES;
				"INFOPLIST_KEY_UIApplicationSupportsIndirectInputEvents[sdk=iphonesimulator*]" = YES;
				"INFOPLIST_KEY_UILaunchScreen_Generation[sdk=iphoneos*]" = YES;
				"INFOPLIST_KEY_UILaunchScreen_Generation[sdk=iphonesimulator*]" = YES;
				"INFOPLIST_KEY_UIStatusBarStyle[sdk=iphoneos*]" = UIStatusBarStyleDefault;
				"INFOPLIST_KEY_UIStatusBarStyle[sdk=iphonesimulator*]" = UIStatusBarStyleDefault;
				INFOPLIST_KEY_UISupportedInterfaceOrientations_iPad = "UIInterfaceOrientationPortrait UIInterfaceOrientationPortraitUpsideDown UIInterfaceOrientationLandscapeLeft UIInterfaceOrientationLandscapeRight";
				INFOPLIST_KEY_UISupportedInterfaceOrientations_iPhone = "UIInterfaceOrientationPortrait UIInterfaceOrientationLandscapeLeft UIInterfaceOrientationLandscapeRight";
				IPHONEOS_DEPLOYMENT_TARGET = 16.1;
				LD_RUNPATH_SEARCH_PATHS = "@executable_path/Frameworks";
				"LD_RUNPATH_SEARCH_PATHS[sdk=macosx*]" = "@executable_path/../Frameworks";
				MACOSX_DEPLOYMENT_TARGET = 13.0;
				MARKETING_VERSION = 1.0;
				PRODUCT_BUNDLE_IDENTIFIER = com.joe3524.SwUIFirebsChat;
				PRODUCT_NAME = "$(TARGET_NAME)";
				SDKROOT = auto;
				SUPPORTED_PLATFORMS = "iphoneos iphonesimulator macosx";
				SWIFT_EMIT_LOC_STRINGS = YES;
				SWIFT_VERSION = 5.0;
				TARGETED_DEVICE_FAMILY = "1,2";
			};
			name = Debug;
		};
		D8A775AD2AACA01A00C7DB22 /* Release */ = {
			isa = XCBuildConfiguration;
			buildSettings = {
				ASSETCATALOG_COMPILER_APPICON_NAME = AppIcon;
				ASSETCATALOG_COMPILER_GLOBAL_ACCENT_COLOR_NAME = AccentColor;
				CODE_SIGN_ENTITLEMENTS = SwUIFirebsChat/SwUIFirebsChat.entitlements;
				CODE_SIGN_STYLE = Automatic;
				CURRENT_PROJECT_VERSION = 1;
				DEVELOPMENT_ASSET_PATHS = "\"SwUIFirebsChat/Preview Content\"";
				DEVELOPMENT_TEAM = Q5CYH8RVUS;
				ENABLE_HARDENED_RUNTIME = YES;
				ENABLE_PREVIEWS = YES;
				GENERATE_INFOPLIST_FILE = YES;
				"INFOPLIST_KEY_UIApplicationSceneManifest_Generation[sdk=iphoneos*]" = YES;
				"INFOPLIST_KEY_UIApplicationSceneManifest_Generation[sdk=iphonesimulator*]" = YES;
				"INFOPLIST_KEY_UIApplicationSupportsIndirectInputEvents[sdk=iphoneos*]" = YES;
				"INFOPLIST_KEY_UIApplicationSupportsIndirectInputEvents[sdk=iphonesimulator*]" = YES;
				"INFOPLIST_KEY_UILaunchScreen_Generation[sdk=iphoneos*]" = YES;
				"INFOPLIST_KEY_UILaunchScreen_Generation[sdk=iphonesimulator*]" = YES;
				"INFOPLIST_KEY_UIStatusBarStyle[sdk=iphoneos*]" = UIStatusBarStyleDefault;
				"INFOPLIST_KEY_UIStatusBarStyle[sdk=iphonesimulator*]" = UIStatusBarStyleDefault;
				INFOPLIST_KEY_UISupportedInterfaceOrientations_iPad = "UIInterfaceOrientationPortrait UIInterfaceOrientationPortraitUpsideDown UIInterfaceOrientationLandscapeLeft UIInterfaceOrientationLandscapeRight";
				INFOPLIST_KEY_UISupportedInterfaceOrientations_iPhone = "UIInterfaceOrientationPortrait UIInterfaceOrientationLandscapeLeft UIInterfaceOrientationLandscapeRight";
				IPHONEOS_DEPLOYMENT_TARGET = 16.1;
				LD_RUNPATH_SEARCH_PATHS = "@executable_path/Frameworks";
				"LD_RUNPATH_SEARCH_PATHS[sdk=macosx*]" = "@executable_path/../Frameworks";
				MACOSX_DEPLOYMENT_TARGET = 13.0;
				MARKETING_VERSION = 1.0;
				PRODUCT_BUNDLE_IDENTIFIER = com.joe3524.SwUIFirebsChat;
				PRODUCT_NAME = "$(TARGET_NAME)";
				SDKROOT = auto;
				SUPPORTED_PLATFORMS = "iphoneos iphonesimulator macosx";
				SWIFT_EMIT_LOC_STRINGS = YES;
				SWIFT_VERSION = 5.0;
				TARGETED_DEVICE_FAMILY = "1,2";
			};
			name = Release;
		};
/* End XCBuildConfiguration section */

/* Begin XCConfigurationList section */
		D8A775972AACA01800C7DB22 /* Build configuration list for PBXProject "SwUIFirebsChat" */ = {
			isa = XCConfigurationList;
			buildConfigurations = (
				D8A775A92AACA01A00C7DB22 /* Debug */,
				D8A775AA2AACA01A00C7DB22 /* Release */,
			);
			defaultConfigurationIsVisible = 0;
			defaultConfigurationName = Release;
		};
		D8A775AB2AACA01A00C7DB22 /* Build configuration list for PBXNativeTarget "SwUIFirebsChat" */ = {
			isa = XCConfigurationList;
			buildConfigurations = (
				D8A775AC2AACA01A00C7DB22 /* Debug */,
				D8A775AD2AACA01A00C7DB22 /* Release */,
			);
			defaultConfigurationIsVisible = 0;
			defaultConfigurationName = Release;
		};
/* End XCConfigurationList section */

/* Begin XCRemoteSwiftPackageReference section */
		D834123E2ABB346C004BDA32 /* XCRemoteSwiftPackageReference "firebase-ios-sdk" */ = {
			isa = XCRemoteSwiftPackageReference;
			repositoryURL = "https://github.com/firebase/firebase-ios-sdk.git";
			requirement = {
				kind = upToNextMajorVersion;
				minimumVersion = 9.0.0;
			};
		};
		D8CED58D2AB1F95D00C456CA /* XCRemoteSwiftPackageReference "SDWebImageSwiftUI" */ = {
			isa = XCRemoteSwiftPackageReference;
			repositoryURL = "https://github.com/SDWebImage/SDWebImageSwiftUI";
			requirement = {
				kind = upToNextMajorVersion;
				minimumVersion = 2.0.0;
			};
		};
/* End XCRemoteSwiftPackageReference section */

/* Begin XCSwiftPackageProductDependency section */
		D834123F2ABB346C004BDA32 /* FirebaseAuth */ = {
			isa = XCSwiftPackageProductDependency;
			package = D834123E2ABB346C004BDA32 /* XCRemoteSwiftPackageReference "firebase-ios-sdk" */;
			productName = FirebaseAuth;
		};
		D83412412ABB346C004BDA32 /* FirebaseFirestore */ = {
			isa = XCSwiftPackageProductDependency;
			package = D834123E2ABB346C004BDA32 /* XCRemoteSwiftPackageReference "firebase-ios-sdk" */;
			productName = FirebaseFirestore;
		};
		D83412432ABB346C004BDA32 /* FirebaseFirestoreSwift */ = {
			isa = XCSwiftPackageProductDependency;
			package = D834123E2ABB346C004BDA32 /* XCRemoteSwiftPackageReference "firebase-ios-sdk" */;
			productName = FirebaseFirestoreSwift;
		};
		D83412452ABB346C004BDA32 /* FirebaseStorage */ = {
			isa = XCSwiftPackageProductDependency;
			package = D834123E2ABB346C004BDA32 /* XCRemoteSwiftPackageReference "firebase-ios-sdk" */;
			productName = FirebaseStorage;
		};
		D8CED58E2AB1F95D00C456CA /* SDWebImageSwiftUI */ = {
			isa = XCSwiftPackageProductDependency;
			package = D8CED58D2AB1F95D00C456CA /* XCRemoteSwiftPackageReference "SDWebImageSwiftUI" */;
			productName = SDWebImageSwiftUI;
		};
/* End XCSwiftPackageProductDependency section */
	};
	rootObject = D8A775942AACA01800C7DB22 /* Project object */;
}
